{
  "name": "app",
  "lockfileVersion": 2,
  "requires": true,
  "packages": {
    "": {
      "devDependencies": {
        "@capacitor-community/sqlite": "^3.3.1",
        "@capacitor/browser": "^1.0.6",
        "@capacitor/camera": "^1.2.0",
        "@capacitor/core": "^3.3.1",
        "@capacitor/filesystem": "^1.0.6",
        "@capacitor/haptics": "^1.1.3",
        "@capacitor/splash-screen": "^1.2.0",
        "@capacitor/status-bar": "^1.0.6"
      }
    },
    "node_modules/@capacitor-community/sqlite": {
      "version": "3.3.1",
      "resolved": "https://registry.npmjs.org/@capacitor-community/sqlite/-/sqlite-3.3.1.tgz",
      "integrity": "sha512-66rXZzTqcegzV14ARtU6FtH87hKjAW4ckScaceWcU+uBtzqgyacOSxuEu/tlkwOkV+tTrHnZTchOWlg8KxWFFQ==",
      "dev": true,
      "peerDependencies": {
        "@capacitor/core": "^3.3.1"
      }
    },
    "node_modules/@capacitor/browser": {
      "version": "1.0.6",
      "resolved": "https://registry.npmjs.org/@capacitor/browser/-/browser-1.0.6.tgz",
      "integrity": "sha512-ZDx+HNPRQZKHpWxbYEyDz34Ge4fwhiiGg2UEnA+ol+pmdvHyYxw/c8HafCEVRJutHrXcVdSNoBNAeEPkQeabrQ==",
      "dev": true,
      "peerDependencies": {
        "@capacitor/core": "^3.0.0"
      }
    },
    "node_modules/@capacitor/camera": {
      "version": "1.2.0",
      "resolved": "https://registry.npmjs.org/@capacitor/camera/-/camera-1.2.0.tgz",
      "integrity": "sha512-NAIGWnyHBGQ/dgla/D4KDkAeQ2f3fzw+D+DIkGNH3f1ciX4bXC7lNbDVU67SMOuNt+CmcTJF64q3nVXcpv5JvQ==",
      "dev": true,
      "peerDependencies": {
        "@capacitor/core": "^3.0.0"
      }
    },
    "node_modules/@capacitor/core": {
      "version": "3.3.1",
      "resolved": "https://registry.npmjs.org/@capacitor/core/-/core-3.3.1.tgz",
      "integrity": "sha512-wKQwk2nw2yDk5gwbsExs6u2rtGQDkXZ/LaZrdzqBy9T48+juPI/y4IE1zAoGNraBCR+LRcKQbKfZNmmDUYpvdA==",
      "dev": true,
      "dependencies": {
        "tslib": "^2.1.0"
      }
    },
    "node_modules/@capacitor/filesystem": {
      "version": "1.0.6",
      "resolved": "https://registry.npmjs.org/@capacitor/filesystem/-/filesystem-1.0.6.tgz",
      "integrity": "sha512-8xqUbDZFGBMhgqoBSn9wEd9OBPdHIRegQ9zCCZcpHNf3FFAIby1ck+aDFnoq+Da49xhD6ks1SKCBSxz/26qWTw==",
      "dev": true,
      "peerDependencies": {
        "@capacitor/core": "^3.0.0"
      }
    },
    "node_modules/@capacitor/haptics": {
      "version": "1.1.3",
      "resolved": "https://registry.npmjs.org/@capacitor/haptics/-/haptics-1.1.3.tgz",
      "integrity": "sha512-ui2mY/riK1Y4bxnJKJfclWO61obZ0RHmtErPhpmt4wIEVjG1segYdFop45R2PxyEwoUJgzEsAxnviM/T6k8seQ==",
      "dev": true,
      "peerDependencies": {
        "@capacitor/core": "^3.0.0"
      }
    },
    "node_modules/@capacitor/splash-screen": {
      "version": "1.2.0",
      "resolved": "https://registry.npmjs.org/@capacitor/splash-screen/-/splash-screen-1.2.0.tgz",
      "integrity": "sha512-SzcK8tadAzZWs4R/XbNT53CGVxtWch7VyMndsQtVkxFzOkAmrqV3OipkEUkmf43sdI/eQBwGgMdH7Iu13q6BTA==",
      "dev": true,
      "peerDependencies": {
        "@capacitor/core": "^3.0.0"
      }
    },
    "node_modules/@capacitor/status-bar": {
      "version": "1.0.6",
      "resolved": "https://registry.npmjs.org/@capacitor/status-bar/-/status-bar-1.0.6.tgz",
      "integrity": "sha512-5MGWFq76iiKvHpbZ/Xc0Zig3WZyzWZ62wvC4qxak8OuVHBNG4fA1p/XXY9teQPaU3SupEJHnLkw6Gn1LuDp+ew==",
      "dev": true,
      "peerDependencies": {
        "@capacitor/core": "^3.0.0"
      }
    },
    "node_modules/tslib": {
      "version": "2.3.0",
      "resolved": "https://registry.npmjs.org/tslib/-/tslib-2.3.0.tgz",
      "integrity": "sha512-N82ooyxVNm6h1riLCoyS9e3fuJ3AMG2zIZs2Gd1ATcSFjSA23Q0fzjjZeh0jbJvWVDZ0cJT8yaNNaaXHzueNjg==",
      "dev": true
    }
  },
  "dependencies": {
    "@capacitor-community/sqlite": {
      "version": "3.3.1",
      "resolved": "https://registry.npmjs.org/@capacitor-community/sqlite/-/sqlite-3.3.1.tgz",
      "integrity": "sha512-66rXZzTqcegzV14ARtU6FtH87hKjAW4ckScaceWcU+uBtzqgyacOSxuEu/tlkwOkV+tTrHnZTchOWlg8KxWFFQ==",
      "dev": true,
      "requires": {}
    },
    "@capacitor/browser": {
      "version": "1.0.6",
      "resolved": "https://registry.npmjs.org/@capacitor/browser/-/browser-1.0.6.tgz",
      "integrity": "sha512-ZDx+HNPRQZKHpWxbYEyDz34Ge4fwhiiGg2UEnA+ol+pmdvHyYxw/c8HafCEVRJutHrXcVdSNoBNAeEPkQeabrQ==",
      "dev": true,
      "requires": {}
    },
    "@capacitor/camera": {
      "version": "1.2.0",
      "resolved": "https://registry.npmjs.org/@capacitor/camera/-/camera-1.2.0.tgz",
      "integrity": "sha512-NAIGWnyHBGQ/dgla/D4KDkAeQ2f3fzw+D+DIkGNH3f1ciX4bXC7lNbDVU67SMOuNt+CmcTJF64q3nVXcpv5JvQ==",
      "dev": true,
      "requires": {}
    },
    "@capacitor/core": {
      "version": "3.3.1",
      "resolved": "https://registry.npmjs.org/@capacitor/core/-/core-3.3.1.tgz",
      "integrity": "sha512-wKQwk2nw2yDk5gwbsExs6u2rtGQDkXZ/LaZrdzqBy9T48+juPI/y4IE1zAoGNraBCR+LRcKQbKfZNmmDUYpvdA==",
      "dev": true,
      "requires": {
        "tslib": "^2.1.0"
      }
    },
    "@capacitor/filesystem": {
      "version": "1.0.6",
      "resolved": "https://registry.npmjs.org/@capacitor/filesystem/-/filesystem-1.0.6.tgz",
      "integrity": "sha512-8xqUbDZFGBMhgqoBSn9wEd9OBPdHIRegQ9zCCZcpHNf3FFAIby1ck+aDFnoq+Da49xhD6ks1SKCBSxz/26qWTw==",
      "dev": true,
      "requires": {}
    },
    "@capacitor/haptics": {
      "version": "1.1.3",
      "resolved": "https://registry.npmjs.org/@capacitor/haptics/-/haptics-1.1.3.tgz",
      "integrity": "sha512-ui2mY/riK1Y4bxnJKJfclWO61obZ0RHmtErPhpmt4wIEVjG1segYdFop45R2PxyEwoUJgzEsAxnviM/T6k8seQ==",
      "dev": true,
      "requires": {}
    },
    "@capacitor/splash-screen": {
      "version": "1.2.0",
      "resolved": "https://registry.npmjs.org/@capacitor/splash-screen/-/splash-screen-1.2.0.tgz",
      "integrity": "sha512-SzcK8tadAzZWs4R/XbNT53CGVxtWch7VyMndsQtVkxFzOkAmrqV3OipkEUkmf43sdI/eQBwGgMdH7Iu13q6BTA==",
      "dev": true,
      "requires": {}
    },
    "@capacitor/status-bar": {
      "version": "1.0.6",
      "resolved": "https://registry.npmjs.org/@capacitor/status-bar/-/status-bar-1.0.6.tgz",
      "integrity": "sha512-5MGWFq76iiKvHpbZ/Xc0Zig3WZyzWZ62wvC4qxak8OuVHBNG4fA1p/XXY9teQPaU3SupEJHnLkw6Gn1LuDp+ew==",
      "dev": true,
      "requires": {}
    },
    "tslib": {
      "version": "2.3.0",
      "resolved": "https://registry.npmjs.org/tslib/-/tslib-2.3.0.tgz",
      "integrity": "sha512-N82ooyxVNm6h1riLCoyS9e3fuJ3AMG2zIZs2Gd1ATcSFjSA23Q0fzjjZeh0jbJvWVDZ0cJT8yaNNaaXHzueNjg==",
      "dev": true
    }
  }
}
